
Microsoft Visual Studio Solution File, Format Version 12.00
# Visual Studio Version 16
VisualStudioVersion = 16.0.29905.134
MinimumVisualStudioVersion = 10.0.40219.1
Project("{9A19103F-16F7-4668-BE54-9A1E7A4F7556}") = "BillingApp", "BillingApp.csproj", "{630C2EB5-558E-4F58-BDB9-7652277AB222}"
EndProject
Project("{9A19103F-16F7-4668-BE54-9A1E7A4F7556}") = "UnitTestProject", "..\UnitTestProject\UnitTestProject.csproj", "{DB580988-5682-4192-B7C1-E19D3FDC6EB2}"
EndProject
Global
	GlobalSection(SolutionConfigurationPlatforms) = preSolution
		Debug|Any CPU = Debug|Any CPU
		Release|Any CPU = Release|Any CPU
	EndGlobalSection
	GlobalSection(ProjectConfigurationPlatforms) = postSolution
		{630C2EB5-558E-4F58-BDB9-7652277AB222}.Debug|Any CPU.ActiveCfg = Debug|Any CPU
		{630C2EB5-558E-4F58-BDB9-7652277AB222}.Debug|Any CPU.Build.0 = Debug|Any CPU
		{630C2EB5-558E-4F58-BDB9-7652277AB222}.Release|Any CPU.ActiveCfg = Release|Any CPU
		{630C2EB5-558E-4F58-BDB9-7652277AB222}.Release|Any CPU.Build.0 = Release|Any CPU
		{DB580988-5682-4192-B7C1-E19D3FDC6EB2}.Debug|Any CPU.ActiveCfg = Debug|Any CPU
		{DB580988-5682-4192-B7C1-E19D3FDC6EB2}.Debug|Any CPU.Build.0 = Debug|Any CPU
		{DB580988-5682-4192-B7C1-E19D3FDC6EB2}.Release|Any CPU.ActiveCfg = Release|Any CPU
		{DB580988-5682-4192-B7C1-E19D3FDC6EB2}.Release|Any CPU.Build.0 = Release|Any CPU
	EndGlobalSection
	GlobalSection(SolutionProperties) = preSolution
		HideSolutionNode = FALSE
	EndGlobalSection
	GlobalSection(ExtensibilityGlobals) = postSolution
		SolutionGuid = {6D605514-3E26-4A6A-AFED-3803D8DE584D}
	EndGlobalSection
EndGlobal
